# Agent skills lockfile — generated by dot package dump
format: skill-lock-v1
skills:
  - name: ab-testing
    provider: coreyhaines31/marketingskills
    path: skills/ab-testing/SKILL.md
  - name: ad-creative
    provider: coreyhaines31/marketingskills
    path: skills/ad-creative/SKILL.md
  - name: address-sanitizer
    provider: trailofbits/skills
    path: plugins/testing-handbook-skills/skills/address-sanitizer/SKILL.md
  - name: ads
    provider: coreyhaines31/marketingskills
    path: skills/ads/SKILL.md
  - name: aflpp
    provider: trailofbits/skills
    path: plugins/testing-handbook-skills/skills/aflpp/SKILL.md
  - name: agentic-actions-auditor
    provider: trailofbits/skills
    path: plugins/agentic-actions-auditor/skills/agentic-actions-auditor/SKILL.md
  - name: agents-sdk
    provider: cloudflare/skills
    path: skills/agents-sdk/SKILL.md
  - name: ai-seo
    provider: coreyhaines31/marketingskills
    path: skills/ai-seo/SKILL.md
  - name: algorand-vulnerability-scanner
    provider: trailofbits/skills
    path: plugins/building-secure-contracts/skills/algorand-vulnerability-scanner/SKILL.md
  - name: algorithmic-art
    provider: anthropics/skills
    path: skills/algorithmic-art/SKILL.md
  - name: analytics
    provider: coreyhaines31/marketingskills
    path: skills/analytics/SKILL.md
  - name: ask-matt
    provider: mattpocock/skills
    path: skills/engineering/ask-matt/SKILL.md
  - name: ask-questions-if-underspecified
    provider: trailofbits/skills
    path: plugins/ask-questions-if-underspecified/skills/ask-questions-if-underspecified/SKILL.md
  - name: aso
    provider: coreyhaines31/marketingskills
    path: skills/aso/SKILL.md
  - name: atheris
    provider: trailofbits/skills
    path: plugins/testing-handbook-skills/skills/atheris/SKILL.md
  - name: audit-augmentation
    provider: trailofbits/skills
    path: plugins/trailmark/skills/audit-augmentation/SKILL.md
  - name: audit-context-building
    provider: trailofbits/skills
    path: plugins/audit-context-building/skills/audit-context-building/SKILL.md
  - name: audit-docs
    provider: gtrabanco/agentic-workflow
    path: skills/audit-docs/SKILL.md
  - name: audit-pr
    provider: gtrabanco/agentic-workflow
    path: skills/audit-pr/SKILL.md
  - name: audit-prep-assistant
    provider: trailofbits/skills
    path: plugins/building-secure-contracts/skills/audit-prep-assistant/SKILL.md
  - name: batch-grill-me
    provider: mattpocock/skills
    path: skills/in-progress/batch-grill-me/SKILL.md
  - name: brand-guidelines
    provider: anthropics/skills
    path: skills/brand-guidelines/SKILL.md
  - name: burpsuite-project-parser
    provider: trailofbits/skills
    path: plugins/burpsuite-project-parser/skills/burpsuite-project-parser/SKILL.md
  - name: c-review
    provider: trailofbits/skills
    path: plugins/c-review/skills/c-review/SKILL.md
  - name: cairo-vulnerability-scanner
    provider: trailofbits/skills
    path: plugins/building-secure-contracts/skills/cairo-vulnerability-scanner/SKILL.md
  - name: canvas-design
    provider: anthropics/skills
    path: skills/canvas-design/SKILL.md
  - name: cargo-fuzz
    provider: trailofbits/skills
    path: plugins/testing-handbook-skills/skills/cargo-fuzz/SKILL.md
  - name: chrome-mcp-troubleshooting
    provider: trailofbits/skills
    path: plugins/claude-in-chrome-troubleshooting/skills/chrome-mcp-troubleshooting/SKILL.md
  - name: churn-prevention
    provider: coreyhaines31/marketingskills
    path: skills/churn-prevention/SKILL.md
  - name: claude-api
    provider: anthropics/skills
    path: skills/claude-api/SKILL.md
  - name: cloudflare
    provider: cloudflare/skills
    path: skills/cloudflare/SKILL.md
  - name: cloudflare-email-service
    provider: cloudflare/skills
    path: skills/cloudflare-email-service/SKILL.md
  - name: cloudflare-one
    provider: cloudflare/skills
    path: skills/cloudflare-one/SKILL.md
  - name: cloudflare-one-migrations
    provider: cloudflare/skills
    path: skills/cloudflare-one-migrations/SKILL.md
  - name: co-marketing
    provider: coreyhaines31/marketingskills
    path: skills/co-marketing/SKILL.md
  - name: code-maturity-assessor
    provider: trailofbits/skills
    path: plugins/building-secure-contracts/skills/code-maturity-assessor/SKILL.md
  - name: code-review
    provider: mattpocock/skills
    path: skills/engineering/code-review/SKILL.md
  - name: codebase-design
    provider: mattpocock/skills
    path: skills/engineering/codebase-design/SKILL.md
  - name: codeql
    provider: trailofbits/skills
    path: plugins/static-analysis/skills/codeql/SKILL.md
  - name: cold-email
    provider: coreyhaines31/marketingskills
    path: skills/cold-email/SKILL.md
  - name: community-marketing
    provider: coreyhaines31/marketingskills
    path: skills/community-marketing/SKILL.md
  - name: competitor-profiling
    provider: coreyhaines31/marketingskills
    path: skills/competitor-profiling/SKILL.md
  - name: competitors
    provider: coreyhaines31/marketingskills
    path: skills/competitors/SKILL.md
  - name: constant-time-analysis
    provider: trailofbits/skills
    path: plugins/constant-time-analysis/skills/constant-time-analysis/SKILL.md
  - name: constant-time-testing
    provider: trailofbits/skills
    path: plugins/testing-handbook-skills/skills/constant-time-testing/SKILL.md
  - name: content-strategy
    provider: coreyhaines31/marketingskills
    path: skills/content-strategy/SKILL.md
  - name: copy-editing
    provider: coreyhaines31/marketingskills
    path: skills/copy-editing/SKILL.md
  - name: copywriting
    provider: coreyhaines31/marketingskills
    path: skills/copywriting/SKILL.md
  - name: cosmos-vulnerability-scanner
    provider: trailofbits/skills
    path: plugins/building-secure-contracts/skills/cosmos-vulnerability-scanner/SKILL.md
  - name: coverage-analysis
    provider: trailofbits/skills
    path: plugins/testing-handbook-skills/skills/coverage-analysis/SKILL.md
  - name: cro
    provider: coreyhaines31/marketingskills
    path: skills/cro/SKILL.md
  - name: crypto-protocol-diagram
    provider: trailofbits/skills
    path: plugins/trailmark/skills/crypto-protocol-diagram/SKILL.md
  - name: customer-research
    provider: coreyhaines31/marketingskills
    path: skills/customer-research/SKILL.md
  - name: debug-buttercup
    provider: trailofbits/skills
    path: plugins/debug-buttercup/skills/debug-buttercup/SKILL.md
  - name: design-an-interface
    provider: mattpocock/skills
    path: skills/deprecated/design-an-interface/SKILL.md
  - name: design-feature
    provider: gtrabanco/agentic-workflow
    path: skills/design-feature/SKILL.md
  - name: designing-workflow-skills
    provider: trailofbits/skills
    path: plugins/workflow-skill-design/skills/designing-workflow-skills/SKILL.md
  - name: devcontainer-setup
    provider: trailofbits/skills
    path: plugins/devcontainer-setup/skills/devcontainer-setup/SKILL.md
  - name: diagramming-code
    provider: trailofbits/skills
    path: plugins/trailmark/skills/diagramming-code/SKILL.md
  - name: differential-review
    provider: trailofbits/skills
    path: plugins/differential-review/skills/differential-review/SKILL.md
  - name: dimensional-analysis
    provider: trailofbits/skills
    path: plugins/dimensional-analysis/skills/dimensional-analysis/SKILL.md
  - name: directory-submissions
    provider: coreyhaines31/marketingskills
    path: skills/directory-submissions/SKILL.md
  - name: doc-coauthoring
    provider: anthropics/skills
    path: skills/doc-coauthoring/SKILL.md
  - name: docx
    provider: anthropics/skills
    path: skills/docx/SKILL.md
  - name: domain-modeling
    provider: mattpocock/skills
    path: skills/engineering/domain-modeling/SKILL.md
  - name: durable-objects
    provider: cloudflare/skills
    path: skills/durable-objects/SKILL.md
  - name: dwarf-expert
    provider: trailofbits/skills
    path: plugins/dwarf-expert/skills/dwarf-expert/SKILL.md
  - name: emails
    provider: coreyhaines31/marketingskills
    path: skills/emails/SKILL.md
  - name: entry-point-analyzer
    provider: trailofbits/skills
    path: plugins/entry-point-analyzer/skills/entry-point-analyzer/SKILL.md
  - name: execute-phase
    provider: gtrabanco/agentic-workflow
    path: skills/execute-phase/SKILL.md
  - name: find-skills
    provider: vercel-labs/skills
    path: skills/find-skills/SKILL.md
  - name: firebase-apk-scanner
    provider: trailofbits/skills
    path: plugins/firebase-apk-scanner/skills/firebase-apk-scanner/SKILL.md
  - name: fold-findings
    provider: gtrabanco/agentic-workflow
    path: skills/fold-findings/SKILL.md
  - name: fp-check
    provider: trailofbits/skills
    path: plugins/fp-check/skills/fp-check/SKILL.md
  - name: free-tools
    provider: coreyhaines31/marketingskills
    path: skills/free-tools/SKILL.md
  - name: frontend-design
    provider: anthropics/skills
    path: skills/frontend-design/SKILL.md
  - name: fuzzing-dictionary
    provider: trailofbits/skills
    path: plugins/testing-handbook-skills/skills/fuzzing-dictionary/SKILL.md
  - name: fuzzing-obstacles
    provider: trailofbits/skills
    path: plugins/testing-handbook-skills/skills/fuzzing-obstacles/SKILL.md
  - name: generate-docs
    provider: gtrabanco/agentic-workflow
    path: skills/generate-docs/SKILL.md
  - name: genotoxic
    provider: trailofbits/skills
    path: plugins/trailmark/skills/genotoxic/SKILL.md
  - name: gh-cli
    provider: trailofbits/skills
    path: plugins/gh-cli/skills/gh-cli/SKILL.md
  - name: git-cleanup
    provider: trailofbits/skills
    path: plugins/git-cleanup/skills/git-cleanup/SKILL.md
  - name: graph-evolution
    provider: trailofbits/skills
    path: plugins/trailmark/skills/graph-evolution/SKILL.md
  - name: grill-me
    provider: mattpocock/skills
    path: skills/productivity/grill-me/SKILL.md
  - name: grill-with-docs
    provider: mattpocock/skills
    path: skills/engineering/grill-with-docs/SKILL.md
  - name: grilling
    provider: mattpocock/skills
    path: skills/productivity/grilling/SKILL.md
  - name: guidelines-advisor
    provider: trailofbits/skills
    path: plugins/building-secure-contracts/skills/guidelines-advisor/SKILL.md
  - name: hallmark
    provider: nutlope/hallmark
    path: skills/hallmark/SKILL.md
  - name: handoff
    provider: mattpocock/skills
    path: skills/productivity/handoff/SKILL.md
  - name: harness-writing
    provider: trailofbits/skills
    path: plugins/testing-handbook-skills/skills/harness-writing/SKILL.md
  - name: image
    provider: coreyhaines31/marketingskills
    path: skills/image/SKILL.md
  - name: implement
    provider: mattpocock/skills
    path: skills/engineering/implement/SKILL.md
  - name: init-workspace
    provider: gtrabanco/agentic-workflow
    path: skills/init-workspace/SKILL.md
  - name: insecure-defaults
    provider: trailofbits/skills
    path: plugins/insecure-defaults/skills/insecure-defaults/SKILL.md
  - name: internal-comms
    provider: anthropics/skills
    path: skills/internal-comms/SKILL.md
  - name: interpreting-culture-index
    provider: trailofbits/skills
    path: plugins/culture-index/skills/interpreting-culture-index/SKILL.md
  - name: launch
    provider: coreyhaines31/marketingskills
    path: skills/launch/SKILL.md
  - name: lead-magnets
    provider: coreyhaines31/marketingskills
    path: skills/lead-magnets/SKILL.md
  - name: let-fate-decide
    provider: trailofbits/skills
    path: plugins/let-fate-decide/skills/let-fate-decide/SKILL.md
  - name: libafl
    provider: trailofbits/skills
    path: plugins/testing-handbook-skills/skills/libafl/SKILL.md
  - name: libfuzzer
    provider: trailofbits/skills
    path: plugins/testing-handbook-skills/skills/libfuzzer/SKILL.md
  - name: log-session
    provider: gtrabanco/agentic-workflow
    path: skills/log-session/SKILL.md
  - name: loop-me
    provider: mattpocock/skills
    path: skills/in-progress/loop-me/SKILL.md
  - name: marketing-ideas
    provider: coreyhaines31/marketingskills
    path: skills/marketing-ideas/SKILL.md
  - name: marketing-loops
    provider: coreyhaines31/marketingskills
    path: skills/marketing-loops/SKILL.md
  - name: marketing-plan
    provider: coreyhaines31/marketingskills
    path: skills/marketing-plan/SKILL.md
  - name: marketing-psychology
    provider: coreyhaines31/marketingskills
    path: skills/marketing-psychology/SKILL.md
  - name: mcp-builder
    provider: anthropics/skills
    path: skills/mcp-builder/SKILL.md
  - name: mermaid-to-proverif
    provider: trailofbits/skills
    path: plugins/trailmark/skills/mermaid-to-proverif/SKILL.md
  - name: modern-python
    provider: trailofbits/skills
    path: plugins/modern-python/skills/modern-python/SKILL.md
  - name: mutation-testing
    provider: trailofbits/skills
    path: plugins/mutation-testing/skills/mutation-testing/SKILL.md
  - name: offers
    provider: coreyhaines31/marketingskills
    path: skills/offers/SKILL.md
  - name: onboarding
    provider: coreyhaines31/marketingskills
    path: skills/onboarding/SKILL.md
  - name: orchestration-envelope
    provider: gtrabanco/agentic-workflow
    path: skills/orchestration-envelope/SKILL.md
  - name: ossfuzz
    provider: trailofbits/skills
    path: plugins/testing-handbook-skills/skills/ossfuzz/SKILL.md
  - name: paywalls
    provider: coreyhaines31/marketingskills
    path: skills/paywalls/SKILL.md
  - name: pdf
    provider: anthropics/skills
    path: skills/pdf/SKILL.md
  - name: plan-feature
    provider: gtrabanco/agentic-workflow
    path: skills/plan-feature/SKILL.md
  - name: plan-feature-from-issue
    provider: gtrabanco/agentic-workflow
    path: skills/plan-feature-from-issue/SKILL.md
  - name: plan-feature-scaffold
    provider: gtrabanco/agentic-workflow
    path: skills/plan-feature-scaffold/SKILL.md
  - name: plan-fix
    provider: gtrabanco/agentic-workflow
    path: skills/plan-fix/SKILL.md
  - name: popups
    provider: coreyhaines31/marketingskills
    path: skills/popups/SKILL.md
  - name: pptx
    provider: anthropics/skills
    path: skills/pptx/SKILL.md
  - name: pricing
    provider: coreyhaines31/marketingskills
    path: skills/pricing/SKILL.md
  - name: product-audit
    provider: gtrabanco/agentic-workflow
    path: skills/product-audit/SKILL.md
  - name: product-marketing
    provider: coreyhaines31/marketingskills
    path: skills/product-marketing/SKILL.md
  - name: programmatic-seo
    provider: coreyhaines31/marketingskills
    path: skills/programmatic-seo/SKILL.md
  - name: property-based-testing
    provider: trailofbits/skills
    path: plugins/property-based-testing/skills/property-based-testing/SKILL.md
  - name: prospecting
    provider: coreyhaines31/marketingskills
    path: skills/prospecting/SKILL.md
  - name: public-relations
    provider: coreyhaines31/marketingskills
    path: skills/public-relations/SKILL.md
  - name: qa
    provider: mattpocock/skills
    path: skills/deprecated/qa/SKILL.md
  - name: referrals
    provider: coreyhaines31/marketingskills
    path: skills/referrals/SKILL.md
  - name: research
    provider: mattpocock/skills
    path: skills/engineering/research/SKILL.md
  - name: resolving-merge-conflicts
    provider: mattpocock/skills
    path: skills/engineering/resolving-merge-conflicts/SKILL.md
  - name: review-a11y
    provider: gtrabanco/agentic-workflow
    path: skills/review-a11y/SKILL.md
  - name: review-brand
    provider: gtrabanco/agentic-workflow
    path: skills/review-brand/SKILL.md
  - name: review-change
    provider: gtrabanco/agentic-workflow
    path: skills/review-change/SKILL.md
  - name: review-code
    provider: gtrabanco/agentic-workflow
    path: skills/review-code/SKILL.md
  - name: review-debt
    provider: gtrabanco/agentic-workflow
    path: skills/review-debt/SKILL.md
  - name: review-design
    provider: gtrabanco/agentic-workflow
    path: skills/review-design/SKILL.md
  - name: review-implementation
    provider: gtrabanco/agentic-workflow
    path: skills/review-implementation/SKILL.md
  - name: review-perf
    provider: gtrabanco/agentic-workflow
    path: skills/review-perf/SKILL.md
  - name: review-security
    provider: gtrabanco/agentic-workflow
    path: skills/review-security/SKILL.md
  - name: review-seo
    provider: gtrabanco/agentic-workflow
    path: skills/review-seo/SKILL.md
  - name: review-verify
    provider: gtrabanco/agentic-workflow
    path: skills/review-verify/SKILL.md
  - name: revops
    provider: coreyhaines31/marketingskills
    path: skills/revops/SKILL.md
  - name: rust-review
    provider: trailofbits/skills
    path: plugins/rust-review/skills/rust-review/SKILL.md
  - name: ruzzy
    provider: trailofbits/skills
    path: plugins/testing-handbook-skills/skills/ruzzy/SKILL.md
  - name: sales-enablement
    provider: coreyhaines31/marketingskills
    path: skills/sales-enablement/SKILL.md
  - name: sandbox-sdk
    provider: cloudflare/skills
    path: skills/sandbox-sdk/SKILL.md
  - name: sarif-parsing
    provider: trailofbits/skills
    path: plugins/static-analysis/skills/sarif-parsing/SKILL.md
  - name: schema
    provider: coreyhaines31/marketingskills
    path: skills/schema/SKILL.md
  - name: seatbelt-sandboxer
    provider: trailofbits/skills
    path: plugins/seatbelt-sandboxer/skills/seatbelt-sandboxer/SKILL.md
  - name: second-opinion
    provider: trailofbits/skills
    path: plugins/second-opinion/skills/second-opinion/SKILL.md
  - name: secure-workflow-guide
    provider: trailofbits/skills
    path: plugins/building-secure-contracts/skills/secure-workflow-guide/SKILL.md
  - name: security
    provider: austintgriffith/ethskills
    path: security/SKILL.md
  - name: semgrep
    provider: trailofbits/skills
    path: plugins/static-analysis/skills/semgrep/SKILL.md
  - name: semgrep-rule-creator
    provider: trailofbits/skills
    path: plugins/semgrep-rule-creator/skills/semgrep-rule-creator/SKILL.md
  - name: semgrep-rule-variant-creator
    provider: trailofbits/skills
    path: plugins/semgrep-rule-variant-creator/skills/semgrep-rule-variant-creator/SKILL.md
  - name: seo-audit
    provider: coreyhaines31/marketingskills
    path: skills/seo-audit/SKILL.md
  - name: sharp-edges
    provider: trailofbits/skills
    path: plugins/sharp-edges/skills/sharp-edges/SKILL.md
  - name: ship-roadmap
    provider: gtrabanco/agentic-workflow
    path: skills/ship-roadmap/SKILL.md
  - name: signup
    provider: coreyhaines31/marketingskills
    path: skills/signup/SKILL.md
  - name: site-architecture
    provider: coreyhaines31/marketingskills
    path: skills/site-architecture/SKILL.md
  - name: skill-creator
    provider: anthropics/skills
    path: skills/skill-creator/SKILL.md
  - name: skill-improver
    provider: trailofbits/skills
    path: plugins/skill-improver/skills/skill-improver/SKILL.md
  - name: slack-gif-creator
    provider: anthropics/skills
    path: skills/slack-gif-creator/SKILL.md
  - name: sms
    provider: coreyhaines31/marketingskills
    path: skills/sms/SKILL.md
  - name: social
    provider: coreyhaines31/marketingskills
    path: skills/social/SKILL.md
  - name: solana-vulnerability-scanner
    provider: trailofbits/skills
    path: plugins/building-secure-contracts/skills/solana-vulnerability-scanner/SKILL.md
  - name: spec-to-code-compliance
    provider: trailofbits/skills
    path: plugins/spec-to-code-compliance/skills/spec-to-code-compliance/SKILL.md
  - name: substrate-vulnerability-scanner
    provider: trailofbits/skills
    path: plugins/building-secure-contracts/skills/substrate-vulnerability-scanner/SKILL.md
  - name: supply-chain-risk-auditor
    provider: trailofbits/skills
    path: plugins/supply-chain-risk-auditor/skills/supply-chain-risk-auditor/SKILL.md
  - name: tdd
    provider: mattpocock/skills
    path: skills/engineering/tdd/SKILL.md
  - name: teach
    provider: mattpocock/skills
    path: skills/productivity/teach/SKILL.md
  - name: template-skill
    provider: anthropics/skills
    path: template/SKILL.md
  - name: testing-handbook-generator
    provider: trailofbits/skills
    path: plugins/testing-handbook-skills/skills/testing-handbook-generator/SKILL.md
  - name: theme-factory
    provider: anthropics/skills
    path: skills/theme-factory/SKILL.md
  - name: to-spec
    provider: mattpocock/skills
    path: skills/engineering/to-spec/SKILL.md
  - name: token-integration-analyzer
    provider: trailofbits/skills
    path: plugins/building-secure-contracts/skills/token-integration-analyzer/SKILL.md
  - name: ton-vulnerability-scanner
    provider: trailofbits/skills
    path: plugins/building-secure-contracts/skills/ton-vulnerability-scanner/SKILL.md
  - name: trailmark
    provider: trailofbits/skills
    path: plugins/trailmark/skills/trailmark/SKILL.md
  - name: trailmark-structural
    provider: trailofbits/skills
    path: plugins/trailmark/skills/trailmark-structural/SKILL.md
  - name: trailmark-summary
    provider: trailofbits/skills
    path: plugins/trailmark/skills/trailmark-summary/SKILL.md
  - name: triage
    provider: mattpocock/skills
    path: skills/engineering/triage/SKILL.md
  - name: triage-issue
    provider: gtrabanco/agentic-workflow
    path: skills/triage-issue/SKILL.md
  - name: turnstile-spin
    provider: cloudflare/skills
    path: skills/turnstile-spin/SKILL.md
  - name: variant-analysis
    provider: trailofbits/skills
    path: plugins/variant-analysis/skills/variant-analysis/SKILL.md
  - name: vector-forge
    provider: trailofbits/skills
    path: plugins/trailmark/skills/vector-forge/SKILL.md
  - name: vercel-composition-patterns
    provider: vercel-labs/agent-skills
    path: skills/composition-patterns/SKILL.md
  - name: vercel-react-best-practices
    provider: vercel-labs/agent-skills
    path: skills/react-best-practices/SKILL.md
  - name: vercel-react-native-skills
    provider: vercel-labs/agent-skills
    path: skills/react-native-skills/SKILL.md
  - name: vercel-react-view-transitions
    provider: vercel-labs/agent-skills
    path: skills/react-view-transitions/SKILL.md
  - name: video
    provider: coreyhaines31/marketingskills
    path: skills/video/SKILL.md
  - name: web-artifacts-builder
    provider: anthropics/skills
    path: skills/web-artifacts-builder/SKILL.md
  - name: web-design-guidelines
    provider: vercel-labs/agent-skills
    path: skills/web-design-guidelines/SKILL.md
  - name: web-perf
    provider: cloudflare/skills
    path: skills/web-perf/SKILL.md
  - name: webapp-testing
    provider: anthropics/skills
    path: skills/webapp-testing/SKILL.md
  - name: workers-best-practices
    provider: cloudflare/skills
    path: skills/workers-best-practices/SKILL.md
  - name: workflow-status
    provider: gtrabanco/agentic-workflow
    path: skills/workflow-status/SKILL.md
  - name: wrangler
    provider: cloudflare/skills
    path: skills/wrangler/SKILL.md
  - name: writing-guidelines
    provider: vercel-labs/agent-skills
    path: skills/writing-guidelines/SKILL.md
  - name: wycheproof
    provider: trailofbits/skills
    path: plugins/testing-handbook-skills/skills/wycheproof/SKILL.md
  - name: xlsx
    provider: anthropics/skills
    path: skills/xlsx/SKILL.md
  - name: yara-rule-authoring
    provider: trailofbits/skills
    path: plugins/yara-authoring/skills/yara-rule-authoring/SKILL.md
  - name: zeroize-audit
    provider: trailofbits/skills
    path: plugins/zeroize-audit/skills/zeroize-audit/SKILL.md
